<Solution>
    <Folder Name="/src/">
        <Project Path="src/ValkeyDotNet/ValkeyDotNet.csproj" />
    </Folder>
    <Folder Name="/tests/">
        <Project Path="tests/ValkeyDotNet.Tests/ValkeyDotNet.Tests.csproj" />
        <Project Path="tests/ValkeyDotNet.IntegrationTests/ValkeyDotNet.IntegrationTests.csproj" />
    </Folder>
    <Folder Name="/benchmarks/">
        <Project Path="benchmarks/ValkeyDotNet.Benchmarks/ValkeyDotNet.Benchmarks.csproj" />
    </Folder>
</Solution>
